{
  "name": "web-refactoring-setup",
  "version": "0.1.0",
  "lockfileVersion": 1,
  "requires": true,
  "dependencies": {
    "talk-o-vision": {
      "version": "github:thirstyhead/talk-o-vision#7c18fef42234221c80f2cfff9699109340b30244",
      "from": "github:thirstyhead/talk-o-vision"
    }
  }
}
